
Microsoft Visual Studio Solution File, Format Version 12.00
# Visual Studio 15
VisualStudioVersion = 15.0.27130.2010
MinimumVisualStudioVersion = 10.0.40219.1
Project("{FAE04EC0-301F-11D3-BF4B-00C04F79EFBC}") = "AngularToDo", "AngularToDo\AngularToDo.csproj", "{B430AD9F-D09B-487F-AEA1-3561B59CCB90}"
EndProject
Global
	GlobalSection(SolutionConfigurationPlatforms) = preSolution
		Debug|Any CPU = Debug|Any CPU
		Release|Any CPU = Release|Any CPU
	EndGlobalSection
	GlobalSection(ProjectConfigurationPlatforms) = postSolution
		{B430AD9F-D09B-487F-AEA1-3561B59CCB90}.Debug|Any CPU.ActiveCfg = Debug|Any CPU
		{B430AD9F-D09B-487F-AEA1-3561B59CCB90}.Debug|Any CPU.Build.0 = Debug|Any CPU
		{B430AD9F-D09B-487F-AEA1-3561B59CCB90}.Release|Any CPU.ActiveCfg = Release|Any CPU
		{B430AD9F-D09B-487F-AEA1-3561B59CCB90}.Release|Any CPU.Build.0 = Release|Any CPU
	EndGlobalSection
	GlobalSection(SolutionProperties) = preSolution
		HideSolutionNode = FALSE
	EndGlobalSection
	GlobalSection(ExtensibilityGlobals) = postSolution
		SolutionGuid = {9D0347DB-3574-4D32-8504-84042CFFE631}
	EndGlobalSection
EndGlobal
